
Microsoft Visual Studio Solution File, Format Version 12.00
# Visual Studio Version 16
VisualStudioVersion = 16.0.31605.320
MinimumVisualStudioVersion = 10.0.40219.1
Project("{FAE04EC0-301F-11D3-BF4B-00C04F79EFBC}") = "Empresa.UI", "..\Empresa.UI\Empresa.UI.csproj", "{06269FA2-D12B-4376-84C7-EB45ECE5FC3D}"
EndProject
Project("{FAE04EC0-301F-11D3-BF4B-00C04F79EFBC}") = "Empresa.Models", "..\Empresa.Models\Empresa.Models.csproj", "{2E7E471D-4FA3-4F03-B3F9-9702FD94EABC}"
EndProject
Project("{FAE04EC0-301F-11D3-BF4B-00C04F79EFBC}") = "Empresa.DB", "..\Empresa.DB\Empresa.DB.csproj", "{56AC65C8-2C62-4E1D-B55B-433ED16632CA}"
EndProject
Global
	GlobalSection(SolutionConfigurationPlatforms) = preSolution
		Debug|Any CPU = Debug|Any CPU
		Release|Any CPU = Release|Any CPU
	EndGlobalSection
	GlobalSection(ProjectConfigurationPlatforms) = postSolution
		{06269FA2-D12B-4376-84C7-EB45ECE5FC3D}.Debug|Any CPU.ActiveCfg = Debug|Any CPU
		{06269FA2-D12B-4376-84C7-EB45ECE5FC3D}.Debug|Any CPU.Build.0 = Debug|Any CPU
		{06269FA2-D12B-4376-84C7-EB45ECE5FC3D}.Release|Any CPU.ActiveCfg = Release|Any CPU
		{06269FA2-D12B-4376-84C7-EB45ECE5FC3D}.Release|Any CPU.Build.0 = Release|Any CPU
		{2E7E471D-4FA3-4F03-B3F9-9702FD94EABC}.Debug|Any CPU.ActiveCfg = Debug|Any CPU
		{2E7E471D-4FA3-4F03-B3F9-9702FD94EABC}.Debug|Any CPU.Build.0 = Debug|Any CPU
		{2E7E471D-4FA3-4F03-B3F9-9702FD94EABC}.Release|Any CPU.ActiveCfg = Release|Any CPU
		{2E7E471D-4FA3-4F03-B3F9-9702FD94EABC}.Release|Any CPU.Build.0 = Release|Any CPU
		{56AC65C8-2C62-4E1D-B55B-433ED16632CA}.Debug|Any CPU.ActiveCfg = Debug|Any CPU
		{56AC65C8-2C62-4E1D-B55B-433ED16632CA}.Debug|Any CPU.Build.0 = Debug|Any CPU
		{56AC65C8-2C62-4E1D-B55B-433ED16632CA}.Release|Any CPU.ActiveCfg = Release|Any CPU
		{56AC65C8-2C62-4E1D-B55B-433ED16632CA}.Release|Any CPU.Build.0 = Release|Any CPU
	EndGlobalSection
	GlobalSection(SolutionProperties) = preSolution
		HideSolutionNode = FALSE
	EndGlobalSection
	GlobalSection(ExtensibilityGlobals) = postSolution
		SolutionGuid = {463CC5EB-0311-40A4-81F9-E8EE87966235}
	EndGlobalSection
EndGlobal
